
Microsoft Visual Studio Solution File, Format Version 12.00
# Visual Studio Version 17
VisualStudioVersion = 17.7.34202.233
MinimumVisualStudioVersion = 10.0.40219.1
Project("{FAE04EC0-301F-11D3-BF4B-00C04F79EFBC}") = "WindowsFormsApp3", "WindowsFormsApp3\WindowsFormsApp3.csproj", "{FFCBADD3-530E-4CD0-8D5A-908E4331BB9B}"
EndProject
Global
	GlobalSection(SolutionConfigurationPlatforms) = preSolution
		Debug|Any CPU = Debug|Any CPU
		Release|Any CPU = Release|Any CPU
	EndGlobalSection
	GlobalSection(ProjectConfigurationPlatforms) = postSolution
		{FFCBADD3-530E-4CD0-8D5A-908E4331BB9B}.Debug|Any CPU.ActiveCfg = Debug|Any CPU
		{FFCBADD3-530E-4CD0-8D5A-908E4331BB9B}.Debug|Any CPU.Build.0 = Debug|Any CPU
		{FFCBADD3-530E-4CD0-8D5A-908E4331BB9B}.Release|Any CPU.ActiveCfg = Release|Any CPU
		{FFCBADD3-530E-4CD0-8D5A-908E4331BB9B}.Release|Any CPU.Build.0 = Release|Any CPU
	EndGlobalSection
	GlobalSection(SolutionProperties) = preSolution
		HideSolutionNode = FALSE
	EndGlobalSection
	GlobalSection(ExtensibilityGlobals) = postSolution
		SolutionGuid = {DB92BF56-A131-4785-AC82-779E8B9044D6}
	EndGlobalSection
EndGlobal
